
Microsoft Visual Studio Solution File, Format Version 12.00
# Visual Studio 14
VisualStudioVersion = 14.0.25420.1
MinimumVisualStudioVersion = 10.0.40219.1
Project("{FAE04EC0-301F-11D3-BF4B-00C04F79EFBC}") = "RoboSpider.UnitTest", "RoboSpider.UnitTest\RoboSpider.UnitTest.csproj", "{7BA758AE-3D70-4EA7-9CD8-967CE6E6D466}"
EndProject
Project("{FAE04EC0-301F-11D3-BF4B-00C04F79EFBC}") = "RoboSpider", "RoboSpider\RoboSpider.csproj", "{AC04873C-D6C4-4A64-B937-D82E511CC146}"
EndProject
Global
	GlobalSection(SolutionConfigurationPlatforms) = preSolution
		Debug|Any CPU = Debug|Any CPU
		Release|Any CPU = Release|Any CPU
	EndGlobalSection
	GlobalSection(ProjectConfigurationPlatforms) = postSolution
		{7BA758AE-3D70-4EA7-9CD8-967CE6E6D466}.Debug|Any CPU.ActiveCfg = Debug|Any CPU
		{7BA758AE-3D70-4EA7-9CD8-967CE6E6D466}.Debug|Any CPU.Build.0 = Debug|Any CPU
		{7BA758AE-3D70-4EA7-9CD8-967CE6E6D466}.Release|Any CPU.ActiveCfg = Release|Any CPU
		{7BA758AE-3D70-4EA7-9CD8-967CE6E6D466}.Release|Any CPU.Build.0 = Release|Any CPU
		{AC04873C-D6C4-4A64-B937-D82E511CC146}.Debug|Any CPU.ActiveCfg = Debug|Any CPU
		{AC04873C-D6C4-4A64-B937-D82E511CC146}.Debug|Any CPU.Build.0 = Debug|Any CPU
		{AC04873C-D6C4-4A64-B937-D82E511CC146}.Release|Any CPU.ActiveCfg = Release|Any CPU
		{AC04873C-D6C4-4A64-B937-D82E511CC146}.Release|Any CPU.Build.0 = Release|Any CPU
	EndGlobalSection
	GlobalSection(SolutionProperties) = preSolution
		HideSolutionNode = FALSE
	EndGlobalSection
	GlobalSection(ExtensibilityGlobals) = postSolution
		SolutionGuid = {625B1F7F-F5C3-481C-A6C7-EB5DC79F5A00}
	EndGlobalSection
EndGlobal
